
Microsoft Visual Studio Solution File, Format Version 12.00
# Visual Studio Version 17
VisualStudioVersion = 17.10.35122.118
MinimumVisualStudioVersion = 10.0.40219.1
Project("{9A19103F-16F7-4668-BE54-9A1E7A4F7556}") = "BrickBreaker", "projet monogame\BrickBreaker.csproj", "{61950550-EFC8-495B-B179-3B58D6A5D79F}"
EndProject
Global
	GlobalSection(SolutionConfigurationPlatforms) = preSolution
		Debug|Any CPU = Debug|Any CPU
		Release|Any CPU = Release|Any CPU
	EndGlobalSection
	GlobalSection(ProjectConfigurationPlatforms) = postSolution
		{61950550-EFC8-495B-B179-3B58D6A5D79F}.Debug|Any CPU.ActiveCfg = Debug|Any CPU
		{61950550-EFC8-495B-B179-3B58D6A5D79F}.Debug|Any CPU.Build.0 = Debug|Any CPU
		{61950550-EFC8-495B-B179-3B58D6A5D79F}.Release|Any CPU.ActiveCfg = Release|Any CPU
		{61950550-EFC8-495B-B179-3B58D6A5D79F}.Release|Any CPU.Build.0 = Release|Any CPU
	EndGlobalSection
	GlobalSection(SolutionProperties) = preSolution
		HideSolutionNode = FALSE
	EndGlobalSection
	GlobalSection(ExtensibilityGlobals) = postSolution
		SolutionGuid = {750258FA-2692-4245-8246-460C75D240DD}
	EndGlobalSection
EndGlobal
